
Microsoft Visual Studio Solution File, Format Version 12.00
# Visual Studio 15
VisualStudioVersion = 15.0.27703.2026
MinimumVisualStudioVersion = 10.0.40219.1
Project("{FAE04EC0-301F-11D3-BF4B-00C04F79EFBC}") = "Desafio", "Desafio\Desafio.csproj", "{7CF9D9EC-5FBB-4827-A012-A82FC961585C}"
EndProject
Global
	GlobalSection(SolutionConfigurationPlatforms) = preSolution
		Debug|Any CPU = Debug|Any CPU
		Release|Any CPU = Release|Any CPU
	EndGlobalSection
	GlobalSection(ProjectConfigurationPlatforms) = postSolution
		{7CF9D9EC-5FBB-4827-A012-A82FC961585C}.Debug|Any CPU.ActiveCfg = Debug|Any CPU
		{7CF9D9EC-5FBB-4827-A012-A82FC961585C}.Debug|Any CPU.Build.0 = Debug|Any CPU
		{7CF9D9EC-5FBB-4827-A012-A82FC961585C}.Release|Any CPU.ActiveCfg = Release|Any CPU
		{7CF9D9EC-5FBB-4827-A012-A82FC961585C}.Release|Any CPU.Build.0 = Release|Any CPU
	EndGlobalSection
	GlobalSection(SolutionProperties) = preSolution
		HideSolutionNode = FALSE
	EndGlobalSection
	GlobalSection(ExtensibilityGlobals) = postSolution
		SolutionGuid = {70E16D6F-1B53-4CAC-8C74-31A4880E198A}
	EndGlobalSection
EndGlobal
